// !$*UTF8*$!
{
	archiveVersion = 1;
	classes = {
	};
	objectVersion = 50;
	objects = {

/* Begin PBXBuildFile section */
		6C4A1BD62542C69800DB9D2C /* AppDelegate.swift in Sources */ = {isa = PBXBuildFile; fileRef = 6C4A1BD52542C69800DB9D2C /* AppDelegate.swift */; };
		6C4A1BD82542C69800DB9D2C /* SceneDelegate.swift in Sources */ = {isa = PBXBuildFile; fileRef = 6C4A1BD72542C69800DB9D2C /* SceneDelegate.swift */; };
		6C4A1BDA2542C69800DB9D2C /* ViewController.swift in Sources */ = {isa = PBXBuildFile; fileRef = 6C4A1BD92542C69800DB9D2C /* ViewController.swift */; };
		6C4A1BDD2542C69800DB9D2C /* Main.storyboard in Resources */ = {isa = PBXBuildFile; fileRef = 6C4A1BDB2542C69800DB9D2C /* Main.storyboard */; };
		6C4A1BDF2542C69B00DB9D2C /* Assets.xcassets in Resources */ = {isa = PBXBuildFile; fileRef = 6C4A1BDE2542C69B00DB9D2C /* Assets.xcassets */; };
		6C4A1BE22542C69B00DB9D2C /* LaunchScreen.storyboard in Resources */ = {isa = PBXBuildFile; fileRef = 6C4A1BE02542C69B00DB9D2C /* LaunchScreen.storyboard */; };
		6C4A1BED2542C69C00DB9D2C /* PIDTests.swift in Sources */ = {isa = PBXBuildFile; fileRef = 6C4A1BEC2542C69C00DB9D2C /* PIDTests.swift */; };
		6C4A1BF82542C69C00DB9D2C /* PIDUITests.swift in Sources */ = {isa = PBXBuildFile; fileRef = 6C4A1BF72542C69C00DB9D2C /* PIDUITests.swift */; };
/* End PBXBuildFile section */

/* Begin PBXContainerItemProxy section */
		6C4A1BE92542C69B00DB9D2C /* PBXContainerItemProxy */ = {
			isa = PBXContainerItemProxy;
			containerPortal = 6C4A1BCA2542C69800DB9D2C /* Project object */;
			proxyType = 1;
			remoteGlobalIDString = 6C4A1BD12542C69800DB9D2C;
			remoteInfo = PID;
		};
		6C4A1BF42542C69C00DB9D2C /* PBXContainerItemProxy */ = {
			isa = PBXContainerItemProxy;
			containerPortal = 6C4A1BCA2542C69800DB9D2C /* Project object */;
			proxyType = 1;
			remoteGlobalIDString = 6C4A1BD12542C69800DB9D2C;
			remoteInfo = PID;
		};
/* End PBXContainerItemProxy section */

/* Begin PBXFileReference section */
		6C4A1BD22542C69800DB9D2C /* PID.app */ = {isa = PBXFileReference; explicitFileType = wrapper.application; includeInIndex = 0; path = PID.app; sourceTree = BUILT_PRODUCTS_DIR; };
		6C4A1BD52542C69800DB9D2C /* AppDelegate.swift */ = {isa = PBXFileReference; lastKnownFileType = sourcecode.swift; path = AppDelegate.swift; sourceTree = "<group>"; };
		6C4A1BD72542C69800DB9D2C /* SceneDelegate.swift */ = {isa = PBXFileReference; lastKnownFileType = sourcecode.swift; path = SceneDelegate.swift; sourceTree = "<group>"; };
		6C4A1BD92542C69800DB9D2C /* ViewController.swift */ = {isa = PBXFileReference; lastKnownFileType = sourcecode.swift; path = ViewController.swift; sourceTree = "<group>"; };
		6C4A1BDC2542C69800DB9D2C /* Base */ = {isa = PBXFileReference; lastKnownFileType = file.storyboard; name = Base; path = Base.lproj/Main.storyboard; sourceTree = "<group>"; };
		6C4A1BDE2542C69B00DB9D2C /* Assets.xcassets */ = {isa = PBXFileReference; lastKnownFileType = folder.assetcatalog; path = Assets.xcassets; sourceTree = "<group>"; };
		6C4A1BE12542C69B00DB9D2C /* Base */ = {isa = PBXFileReference; lastKnownFileType = file.storyboard; name = Base; path = Base.lproj/LaunchScreen.storyboard; sourceTree = "<group>"; };
		6C4A1BE32542C69B00DB9D2C /* Info.plist */ = {isa = PBXFileReference; lastKnownFileType = text.plist.xml; path = Info.plist; sourceTree = "<group>"; };
		6C4A1BE82542C69B00DB9D2C /* PIDTests.xctest */ = {isa = PBXFileReference; explicitFileType = wrapper.cfbundle; includeInIndex = 0; path = PIDTests.xctest; sourceTree = BUILT_PRODUCTS_DIR; };
		6C4A1BEC2542C69C00DB9D2C /* PIDTests.swift */ = {isa = PBXFileReference; lastKnownFileType = sourcecode.swift; path = PIDTests.swift; sourceTree = "<group>"; };
		6C4A1BEE2542C69C00DB9D2C /* Info.plist */ = {isa = PBXFileReference; lastKnownFileType = text.plist.xml; path = Info.plist; sourceTree = "<group>"; };
		6C4A1BF32542C69C00DB9D2C /* PIDUITests.xctest */ = {isa = PBXFileReference; explicitFileType = wrapper.cfbundle; includeInIndex = 0; path = PIDUITests.xctest; sourceTree = BUILT_PRODUCTS_DIR; };
		6C4A1BF72542C69C00DB9D2C /* PIDUITests.swift */ = {isa = PBXFileReference; lastKnownFileType = sourcecode.swift; path = PIDUITests.swift; sourceTree = "<group>"; };
		6C4A1BF92542C69C00DB9D2C /* Info.plist */ = {isa = PBXFileReference; lastKnownFileType = text.plist.xml; path = Info.plist; sourceTree = "<group>"; };
/* End PBXFileReference section */

/* Begin PBXFrameworksBuildPhase section */
		6C4A1BCF2542C69800DB9D2C /* Frameworks */ = {
			isa = PBXFrameworksBuildPhase;
			buildActionMask = 2147483647;
			files = (
			);
			runOnlyForDeploymentPostprocessing = 0;
		};
		6C4A1BE52542C69B00DB9D2C /* Frameworks */ = {
			isa = PBXFrameworksBuildPhase;
			buildActionMask = 2147483647;
			files = (
			);
			runOnlyForDeploymentPostprocessing = 0;
		};
		6C4A1BF02542C69C00DB9D2C /* Frameworks */ = {
			isa = PBXFrameworksBuildPhase;
			buildActionMask = 2147483647;
			files = (
			);
			runOnlyForDeploymentPostprocessing = 0;
		};
/* End PBXFrameworksBuildPhase section */

/* Begin PBXGroup section */
		6C4A1BC92542C69800DB9D2C = {
			isa = PBXGroup;
			children = (
				6C4A1BD42542C69800DB9D2C /* PID */,
				6C4A1BEB2542C69C00DB9D2C /* PIDTests */,
				6C4A1BF62542C69C00DB9D2C /* PIDUITests */,
				6C4A1BD32542C69800DB9D2C /* Products */,
			);
			sourceTree = "<group>";
		};
		6C4A1BD32542C69800DB9D2C /* Products */ = {
			isa = PBXGroup;
			children = (
				6C4A1BD22542C69800DB9D2C /* PID.app */,
				6C4A1BE82542C69B00DB9D2C /* PIDTests.xctest */,
				6C4A1BF32542C69C00DB9D2C /* PIDUITests.xctest */,
			);
			name = Products;
			sourceTree = "<group>";
		};
		6C4A1BD42542C69800DB9D2C /* PID */ = {
			isa = PBXGroup;
			children = (
				6C4A1BD52542C69800DB9D2C /* AppDelegate.swift */,
				6C4A1BD72542C69800DB9D2C /* SceneDelegate.swift */,
				6C4A1BD92542C69800DB9D2C /* ViewController.swift */,
				6C4A1BDB2542C69800DB9D2C /* Main.storyboard */,
				6C4A1BDE2542C69B00DB9D2C /* Assets.xcassets */,
				6C4A1BE02542C69B00DB9D2C /* LaunchScreen.storyboard */,
				6C4A1BE32542C69B00DB9D2C /* Info.plist */,
			);
			path = PID;
			sourceTree = "<group>";
		};
		6C4A1BEB2542C69C00DB9D2C /* PIDTests */ = {
			isa = PBXGroup;
			children = (
				6C4A1BEC2542C69C00DB9D2C /* PIDTests.swift */,
				6C4A1BEE2542C69C00DB9D2C /* Info.plist */,
			);
			path = PIDTests;
			sourceTree = "<group>";
		};
		6C4A1BF62542C69C00DB9D2C /* PIDUITests */ = {
			isa = PBXGroup;
			children = (
				6C4A1BF72542C69C00DB9D2C /* PIDUITests.swift */,
				6C4A1BF92542C69C00DB9D2C /* Info.plist */,
			);
			path = PIDUITests;
			sourceTree = "<group>";
		};
/* End PBXGroup section */

/* Begin PBXNativeTarget section */
		6C4A1BD12542C69800DB9D2C /* PID */ = {
			isa = PBXNativeTarget;
			buildConfigurationList = 6C4A1BFC2542C69C00DB9D2C /* Build configuration list for PBXNativeTarget "PID" */;
			buildPhases = (
				6C4A1BCE2542C69800DB9D2C /* Sources */,
				6C4A1BCF2542C69800DB9D2C /* Frameworks */,
				6C4A1BD02542C69800DB9D2C /* Resources */,
			);
			buildRules = (
			);
			dependencies = (
			);
			name = PID;
			productName = PID;
			productReference = 6C4A1BD22542C69800DB9D2C /* PID.app */;
			productType = "com.apple.product-type.application";
		};
		6C4A1BE72542C69B00DB9D2C /* PIDTests */ = {
			isa = PBXNativeTarget;
			buildConfigurationList = 6C4A1BFF2542C69C00DB9D2C /* Build configuration list for PBXNativeTarget "PIDTests" */;
			buildPhases = (
				6C4A1BE42542C69B00DB9D2C /* Sources */,
				6C4A1BE52542C69B00DB9D2C /* Frameworks */,
				6C4A1BE62542C69B00DB9D2C /* Resources */,
			);
			buildRules = (
			);
			dependencies = (
				6C4A1BEA2542C69B00DB9D2C /* PBXTargetDependency */,
			);
			name = PIDTests;
			productName = PIDTests;
			productReference = 6C4A1BE82542C69B00DB9D2C /* PIDTests.xctest */;
			productType = "com.apple.product-type.bundle.unit-test";
		};
		6C4A1BF22542C69C00DB9D2C /* PIDUITests */ = {
			isa = PBXNativeTarget;
			buildConfigurationList = 6C4A1C022542C69C00DB9D2C /* Build configuration list for PBXNativeTarget "PIDUITests" */;
			buildPhases = (
				6C4A1BEF2542C69C00DB9D2C /* Sources */,
				6C4A1BF02542C69C00DB9D2C /* Frameworks */,
				6C4A1BF12542C69C00DB9D2C /* Resources */,
			);
			buildRules = (
			);
			dependencies = (
				6C4A1BF52542C69C00DB9D2C /* PBXTargetDependency */,
			);
			name = PIDUITests;
			productName = PIDUITests;
			productReference = 6C4A1BF32542C69C00DB9D2C /* PIDUITests.xctest */;
			productType = "com.apple.product-type.bundle.ui-testing";
		};
/* End PBXNativeTarget section */

/* Begin PBXProject section */
		6C4A1BCA2542C69800DB9D2C /* Project object */ = {
			isa = PBXProject;
			attributes = {
				LastSwiftUpdateCheck = 1210;
				LastUpgradeCheck = 1210;
				TargetAttributes = {
					6C4A1BD12542C69800DB9D2C = {
						CreatedOnToolsVersion = 12.1;
					};
					6C4A1BE72542C69B00DB9D2C = {
						CreatedOnToolsVersion = 12.1;
						TestTargetID = 6C4A1BD12542C69800DB9D2C;
					};
					6C4A1BF22542C69C00DB9D2C = {
						CreatedOnToolsVersion = 12.1;
						TestTargetID = 6C4A1BD12542C69800DB9D2C;
					};
				};
			};
			buildConfigurationList = 6C4A1BCD2542C69800DB9D2C /* Build configuration list for PBXProject "PID" */;
			compatibilityVersion = "Xcode 9.3";
			developmentRegion = en;
			hasScannedForEncodings = 0;
			knownRegions = (
				en,
				Base,
			);
			mainGroup = 6C4A1BC92542C69800DB9D2C;
			productRefGroup = 6C4A1BD32542C69800DB9D2C /* Products */;
			projectDirPath = "";
			projectRoot = "";
			targets = (
				6C4A1BD12542C69800DB9D2C /* PID */,
				6C4A1BE72542C69B00DB9D2C /* PIDTests */,
				6C4A1BF22542C69C00DB9D2C /* PIDUITests */,
			);
		};
/* End PBXProject section */

/* Begin PBXResourcesBuildPhase section */
		6C4A1BD02542C69800DB9D2C /* Resources */ = {
			isa = PBXResourcesBuildPhase;
			buildActionMask = 2147483647;
			files = (
				6C4A1BE22542C69B00DB9D2C /* LaunchScreen.storyboard in Resources */,
				6C4A1BDF2542C69B00DB9D2C /* Assets.xcassets in Resources */,
				6C4A1BDD2542C69800DB9D2C /* Main.storyboard in Resources */,
			);
			runOnlyForDeploymentPostprocessing = 0;
		};
		6C4A1BE62542C69B00DB9D2C /* Resources */ = {
			isa = PBXResourcesBuildPhase;
			buildActionMask = 2147483647;
			files = (
			);
			runOnlyForDeploymentPostprocessing = 0;
		};
		6C4A1BF12542C69C00DB9D2C /* Resources */ = {
			isa = PBXResourcesBuildPhase;
			buildActionMask = 2147483647;
			files = (
			);
			runOnlyForDeploymentPostprocessing = 0;
		};
/* End PBXResourcesBuildPhase section */

/* Begin PBXSourcesBuildPhase section */
		6C4A1BCE2542C69800DB9D2C /* Sources */ = {
			isa = PBXSourcesBuildPhase;
			buildActionMask = 2147483647;
			files = (
				6C4A1BDA2542C69800DB9D2C /* ViewController.swift in Sources */,
				6C4A1BD62542C69800DB9D2C /* AppDelegate.swift in Sources */,
				6C4A1BD82542C69800DB9D2C /* SceneDelegate.swift in Sources */,
			);
			runOnlyForDeploymentPostprocessing = 0;
		};
		6C4A1BE42542C69B00DB9D2C /* Sources */ = {
			isa = PBXSourcesBuildPhase;
			buildActionMask = 2147483647;
			files = (
				6C4A1BED2542C69C00DB9D2C /* PIDTests.swift in Sources */,
			);
			runOnlyForDeploymentPostprocessing = 0;
		};
		6C4A1BEF2542C69C00DB9D2C /* Sources */ = {
			isa = PBXSourcesBuildPhase;
			buildActionMask = 2147483647;
			files = (
				6C4A1BF82542C69C00DB9D2C /* PIDUITests.swift in Sources */,
			);
			runOnlyForDeploymentPostprocessing = 0;
		};
/* End PBXSourcesBuildPhase section */

/* Begin PBXTargetDependency section */
		6C4A1BEA2542C69B00DB9D2C /* PBXTargetDependency */ = {
			isa = PBXTargetDependency;
			target = 6C4A1BD12542C69800DB9D2C /* PID */;
			targetProxy = 6C4A1BE92542C69B00DB9D2C /* PBXContainerItemProxy */;
		};
		6C4A1BF52542C69C00DB9D2C /* PBXTargetDependency */ = {
			isa = PBXTargetDependency;
			target = 6C4A1BD12542C69800DB9D2C /* PID */;
			targetProxy = 6C4A1BF42542C69C00DB9D2C /* PBXContainerItemProxy */;
		};
/* End PBXTargetDependency section */

/* Begin PBXVariantGroup section */
		6C4A1BDB2542C69800DB9D2C /* Main.storyboard */ = {
			isa = PBXVariantGroup;
			children = (
				6C4A1BDC2542C69800DB9D2C /* Base */,
			);
			name = Main.storyboard;
			sourceTree = "<group>";
		};
		6C4A1BE02542C69B00DB9D2C /* LaunchScreen.storyboard */ = {
			isa = PBXVariantGroup;
			children = (
				6C4A1BE12542C69B00DB9D2C /* Base */,
			);
			name = LaunchScreen.storyboard;
			sourceTree = "<group>";
		};
/* End PBXVariantGroup section */

/* Begin XCBuildConfiguration section */
		6C4A1BFA2542C69C00DB9D2C /* Debug */ = {
			isa = XCBuildConfiguration;
			buildSettings = {
				ALWAYS_SEARCH_USER_PATHS = NO;
				CLANG_ANALYZER_NONNULL = YES;
				CLANG_ANALYZER_NUMBER_OBJECT_CONVERSION = YES_AGGRESSIVE;
				CLANG_CXX_LANGUAGE_STANDARD = "gnu++14";
				CLANG_CXX_LIBRARY = "libc++";
				CLANG_ENABLE_MODULES = YES;
				CLANG_ENABLE_OBJC_ARC = YES;
				CLANG_ENABLE_OBJC_WEAK = YES;
				CLANG_WARN_BLOCK_CAPTURE_AUTORELEASING = YES;
				CLANG_WARN_BOOL_CONVERSION = YES;
				CLANG_WARN_COMMA = YES;
				CLANG_WARN_CONSTANT_CONVERSION = YES;
				CLANG_WARN_DEPRECATED_OBJC_IMPLEMENTATIONS = YES;
				CLANG_WARN_DIRECT_OBJC_ISA_USAGE = YES_ERROR;
				CLANG_WARN_DOCUMENTATION_COMMENTS = YES;
				CLANG_WARN_EMPTY_BODY = YES;
				CLANG_WARN_ENUM_CONVERSION = YES;
				CLANG_WARN_INFINITE_RECURSION = YES;
				CLANG_WARN_INT_CONVERSION = YES;
				CLANG_WARN_NON_LITERAL_NULL_CONVERSION = YES;
				CLANG_WARN_OBJC_IMPLICIT_RETAIN_SELF = YES;
				CLANG_WARN_OBJC_LITERAL_CONVERSION = YES;
				CLANG_WARN_OBJC_ROOT_CLASS = YES_ERROR;
				CLANG_WARN_QUOTED_INCLUDE_IN_FRAMEWORK_HEADER = YES;
				CLANG_WARN_RANGE_LOOP_ANALYSIS = YES;
				CLANG_WARN_STRICT_PROTOTYPES = YES;
				CLANG_WARN_SUSPICIOUS_MOVE = YES;
				CLANG_WARN_UNGUARDED_AVAILABILITY = YES_AGGRESSIVE;
				CLANG_WARN_UNREACHABLE_CODE = YES;
				CLANG_WARN__DUPLICATE_METHOD_MATCH = YES;
				COPY_PHASE_STRIP = NO;
				DEBUG_INFORMATION_FORMAT = dwarf;
				ENABLE_STRICT_OBJC_MSGSEND = YES;
				ENABLE_TESTABILITY = YES;
				GCC_C_LANGUAGE_STANDARD = gnu11;
				GCC_DYNAMIC_NO_PIC = NO;
				GCC_NO_COMMON_BLOCKS = YES;
				GCC_OPTIMIZATION_LEVEL = 0;
				GCC_PREPROCESSOR_DEFINITIONS = (
					"DEBUG=1",
					"$(inherited)",
				);
				GCC_WARN_64_TO_32_BIT_CONVERSION = YES;
				GCC_WARN_ABOUT_RETURN_TYPE = YES_ERROR;
				GCC_WARN_UNDECLARED_SELECTOR = YES;
				GCC_WARN_UNINITIALIZED_AUTOS = YES_AGGRESSIVE;
				GCC_WARN_UNUSED_FUNCTION = YES;
				GCC_WARN_UNUSED_VARIABLE = YES;
				IPHONEOS_DEPLOYMENT_TARGET = 14.1;
				MTL_ENABLE_DEBUG_INFO = INCLUDE_SOURCE;
				MTL_FAST_MATH = YES;
				ONLY_ACTIVE_ARCH = YES;
				SDKROOT = iphoneos;
				SWIFT_ACTIVE_COMPILATION_CONDITIONS = DEBUG;
				SWIFT_OPTIMIZATION_LEVEL = "-Onone";
			};
			name = Debug;
		};
		6C4A1BFB2542C69C00DB9D2C /* Release */ = {
			isa = XCBuildConfiguration;
			buildSettings = {
				ALWAYS_SEARCH_USER_PATHS = NO;
				CLANG_ANALYZER_NONNULL = YES;
				CLANG_ANALYZER_NUMBER_OBJECT_CONVERSION = YES_AGGRESSIVE;
				CLANG_CXX_LANGUAGE_STANDARD = "gnu++14";
				CLANG_CXX_LIBRARY = "libc++";
				CLANG_ENABLE_MODULES = YES;
				CLANG_ENABLE_OBJC_ARC = YES;
				CLANG_ENABLE_OBJC_WEAK = YES;
				CLANG_WARN_BLOCK_CAPTURE_AUTORELEASING = YES;
				CLANG_WARN_BOOL_CONVERSION = YES;
				CLANG_WARN_COMMA = YES;
				CLANG_WARN_CONSTANT_CONVERSION = YES;
				CLANG_WARN_DEPRECATED_OBJC_IMPLEMENTATIONS = YES;
				CLANG_WARN_DIRECT_OBJC_ISA_USAGE = YES_ERROR;
				CLANG_WARN_DOCUMENTATION_COMMENTS = YES;
				CLANG_WARN_EMPTY_BODY = YES;
				CLANG_WARN_ENUM_CONVERSION = YES;
				CLANG_WARN_INFINITE_RECURSION = YES;
				CLANG_WARN_INT_CONVERSION = YES;
				CLANG_WARN_NON_LITERAL_NULL_CONVERSION = YES;
				CLANG_WARN_OBJC_IMPLICIT_RETAIN_SELF = YES;
				CLANG_WARN_OBJC_LITERAL_CONVERSION = YES;
				CLANG_WARN_OBJC_ROOT_CLASS = YES_ERROR;
				CLANG_WARN_QUOTED_INCLUDE_IN_FRAMEWORK_HEADER = YES;
				CLANG_WARN_RANGE_LOOP_ANALYSIS = YES;
				CLANG_WARN_STRICT_PROTOTYPES = YES;
				CLANG_WARN_SUSPICIOUS_MOVE = YES;
				CLANG_WARN_UNGUARDED_AVAILABILITY = YES_AGGRESSIVE;
				CLANG_WARN_UNREACHABLE_CODE = YES;
				CLANG_WARN__DUPLICATE_METHOD_MATCH = YES;
				COPY_PHASE_STRIP = NO;
				DEBUG_INFORMATION_FORMAT = "dwarf-with-dsym";
				ENABLE_NS_ASSERTIONS = NO;
				ENABLE_STRICT_OBJC_MSGSEND = YES;
				GCC_C_LANGUAGE_STANDARD = gnu11;
				GCC_NO_COMMON_BLOCKS = YES;
				GCC_WARN_64_TO_32_BIT_CONVERSION = YES;
				GCC_WARN_ABOUT_RETURN_TYPE = YES_ERROR;
				GCC_WARN_UNDECLARED_SELECTOR = YES;
				GCC_WARN_UNINITIALIZED_AUTOS = YES_AGGRESSIVE;
				GCC_WARN_UNUSED_FUNCTION = YES;
				GCC_WARN_UNUSED_VARIABLE = YES;
				IPHONEOS_DEPLOYMENT_TARGET = 14.1;
				MTL_ENABLE_DEBUG_INFO = NO;
				MTL_FAST_MATH = YES;
				SDKROOT = iphoneos;
				SWIFT_COMPILATION_MODE = wholemodule;
				SWIFT_OPTIMIZATION_LEVEL = "-O";
				VALIDATE_PRODUCT = YES;
			};
			name = Release;
		};
		6C4A1BFD2542C69C00DB9D2C /* Debug */ = {
			isa = XCBuildConfiguration;
			buildSettings = {
				ASSETCATALOG_COMPILER_APPICON_NAME = AppIcon;
				ASSETCATALOG_COMPILER_GLOBAL_ACCENT_COLOR_NAME = AccentColor;
				CODE_SIGN_STYLE = Automatic;
				DEVELOPMENT_TEAM = S852HBUS5W;
				INFOPLIST_FILE = PID/Info.plist;
				IPHONEOS_DEPLOYMENT_TARGET = 14.0;
				LD_RUNPATH_SEARCH_PATHS = (
					"$(inherited)",
					"@executable_path/Frameworks",
				);
				PRODUCT_BUNDLE_IDENTIFIER = JulianHaldimann.PID;
				PRODUCT_NAME = "$(TARGET_NAME)";
				SWIFT_VERSION = 5.0;
				TARGETED_DEVICE_FAMILY = "1,2";
			};
			name = Debug;
		};
		6C4A1BFE2542C69C00DB9D2C /* Release */ = {
			isa = XCBuildConfiguration;
			buildSettings = {
				ASSETCATALOG_COMPILER_APPICON_NAME = AppIcon;
				ASSETCATALOG_COMPILER_GLOBAL_ACCENT_COLOR_NAME = AccentColor;
				CODE_SIGN_STYLE = Automatic;
				DEVELOPMENT_TEAM = S852HBUS5W;
				INFOPLIST_FILE = PID/Info.plist;
				IPHONEOS_DEPLOYMENT_TARGET = 14.0;
				LD_RUNPATH_SEARCH_PATHS = (
					"$(inherited)",
					"@executable_path/Frameworks",
				);
				PRODUCT_BUNDLE_IDENTIFIER = JulianHaldimann.PID;
				PRODUCT_NAME = "$(TARGET_NAME)";
				SWIFT_VERSION = 5.0;
				TARGETED_DEVICE_FAMILY = "1,2";
			};
			name = Release;
		};
		6C4A1C002542C69C00DB9D2C /* Debug */ = {
			isa = XCBuildConfiguration;
			buildSettings = {
				ALWAYS_EMBED_SWIFT_STANDARD_LIBRARIES = YES;
				BUNDLE_LOADER = "$(TEST_HOST)";
				CODE_SIGN_STYLE = Automatic;
				DEVELOPMENT_TEAM = S852HBUS5W;
				INFOPLIST_FILE = PIDTests/Info.plist;
				IPHONEOS_DEPLOYMENT_TARGET = 14.1;
				LD_RUNPATH_SEARCH_PATHS = (
					"$(inherited)",
					"@executable_path/Frameworks",
					"@loader_path/Frameworks",
				);
				PRODUCT_BUNDLE_IDENTIFIER = JulianHaldimann.PIDTests;
				PRODUCT_NAME = "$(TARGET_NAME)";
				SWIFT_VERSION = 5.0;
				TARGETED_DEVICE_FAMILY = "1,2";
				TEST_HOST = "$(BUILT_PRODUCTS_DIR)/PID.app/PID";
			};
			name = Debug;
		};
		6C4A1C012542C69C00DB9D2C /* Release */ = {
			isa = XCBuildConfiguration;
			buildSettings = {
				ALWAYS_EMBED_SWIFT_STANDARD_LIBRARIES = YES;
				BUNDLE_LOADER = "$(TEST_HOST)";
				CODE_SIGN_STYLE = Automatic;
				DEVELOPMENT_TEAM = S852HBUS5W;
				INFOPLIST_FILE = PIDTests/Info.plist;
				IPHONEOS_DEPLOYMENT_TARGET = 14.1;
				LD_RUNPATH_SEARCH_PATHS = (
					"$(inherited)",
					"@executable_path/Frameworks",
					"@loader_path/Frameworks",
				);
				PRODUCT_BUNDLE_IDENTIFIER = JulianHaldimann.PIDTests;
				PRODUCT_NAME = "$(TARGET_NAME)";
				SWIFT_VERSION = 5.0;
				TARGETED_DEVICE_FAMILY = "1,2";
				TEST_HOST = "$(BUILT_PRODUCTS_DIR)/PID.app/PID";
			};
			name = Release;
		};
		6C4A1C032542C69C00DB9D2C /* Debug */ = {
			isa = XCBuildConfiguration;
			buildSettings = {
				ALWAYS_EMBED_SWIFT_STANDARD_LIBRARIES = YES;
				CODE_SIGN_STYLE = Automatic;
				DEVELOPMENT_TEAM = S852HBUS5W;
				INFOPLIST_FILE = PIDUITests/Info.plist;
				LD_RUNPATH_SEARCH_PATHS = (
					"$(inherited)",
					"@executable_path/Frameworks",
					"@loader_path/Frameworks",
				);
				PRODUCT_BUNDLE_IDENTIFIER = JulianHaldimann.PIDUITests;
				PRODUCT_NAME = "$(TARGET_NAME)";
				SWIFT_VERSION = 5.0;
				TARGETED_DEVICE_FAMILY = "1,2";
				TEST_TARGET_NAME = PID;
			};
			name = Debug;
		};
		6C4A1C042542C69C00DB9D2C /* Release */ = {
			isa = XCBuildConfiguration;
			buildSettings = {
				ALWAYS_EMBED_SWIFT_STANDARD_LIBRARIES = YES;
				CODE_SIGN_STYLE = Automatic;
				DEVELOPMENT_TEAM = S852HBUS5W;
				INFOPLIST_FILE = PIDUITests/Info.plist;
				LD_RUNPATH_SEARCH_PATHS = (
					"$(inherited)",
					"@executable_path/Frameworks",
					"@loader_path/Frameworks",
				);
				PRODUCT_BUNDLE_IDENTIFIER = JulianHaldimann.PIDUITests;
				PRODUCT_NAME = "$(TARGET_NAME)";
				SWIFT_VERSION = 5.0;
				TARGETED_DEVICE_FAMILY = "1,2";
				TEST_TARGET_NAME = PID;
			};
			name = Release;
		};
/* End XCBuildConfiguration section */

/* Begin XCConfigurationList section */
		6C4A1BCD2542C69800DB9D2C /* Build configuration list for PBXProject "PID" */ = {
			isa = XCConfigurationList;
			buildConfigurations = (
				6C4A1BFA2542C69C00DB9D2C /* Debug */,
				6C4A1BFB2542C69C00DB9D2C /* Release */,
			);
			defaultConfigurationIsVisible = 0;
			defaultConfigurationName = Release;
		};
		6C4A1BFC2542C69C00DB9D2C /* Build configuration list for PBXNativeTarget "PID" */ = {
			isa = XCConfigurationList;
			buildConfigurations = (
				6C4A1BFD2542C69C00DB9D2C /* Debug */,
				6C4A1BFE2542C69C00DB9D2C /* Release */,
			);
			defaultConfigurationIsVisible = 0;
			defaultConfigurationName = Release;
		};
		6C4A1BFF2542C69C00DB9D2C /* Build configuration list for PBXNativeTarget "PIDTests" */ = {
			isa = XCConfigurationList;
			buildConfigurations = (
				6C4A1C002542C69C00DB9D2C /* Debug */,
				6C4A1C012542C69C00DB9D2C /* Release */,
			);
			defaultConfigurationIsVisible = 0;
			defaultConfigurationName = Release;
		};
		6C4A1C022542C69C00DB9D2C /* Build configuration list for PBXNativeTarget "PIDUITests" */ = {
			isa = XCConfigurationList;
			buildConfigurations = (
				6C4A1C032542C69C00DB9D2C /* Debug */,
				6C4A1C042542C69C00DB9D2C /* Release */,
			);
			defaultConfigurationIsVisible = 0;
			defaultConfigurationName = Release;
		};
/* End XCConfigurationList section */
	};
	rootObject = 6C4A1BCA2542C69800DB9D2C /* Project object */;
}
